<Solution>
  <Folder Name="/Solution Items/">
    <File Path=".gitattributes" />
    <File Path=".gitignore" />
    <File Path="Directory.Build.props" />
    <File Path="LICENSE" />
    <File Path="README.md" />
    <File Path="push-nuget.ps1" />
  </Folder>
  <Project Path="ArrayFacade/ArrayFacade.csproj" />
</Solution>
